// !$*UTF8*$!
{
	archiveVersion = 1;
	classes = {
	};
	objectVersion = 46;
	objects = {

/* Begin PBXBuildFile section */
		13636ECC66CDACE8C32B9405 /* Pods_AGAudioPlayer.framework in Frameworks */ = {isa = PBXBuildFile; fileRef = 8CE1C12F3C975C70D67852CA /* Pods_AGAudioPlayer.framework */; };
		4333981B2249E91E00BECC8A /* UIColor+AGAudioPlayer.swift in Sources */ = {isa = PBXBuildFile; fileRef = 4333981A2249E91E00BECC8A /* UIColor+AGAudioPlayer.swift */; };
		4333981C2249E91E00BECC8A /* UIColor+AGAudioPlayer.swift in Sources */ = {isa = PBXBuildFile; fileRef = 4333981A2249E91E00BECC8A /* UIColor+AGAudioPlayer.swift */; };
		7C0D7BC81A44B68600607581 /* LaunchScreen.xib in Resources */ = {isa = PBXBuildFile; fileRef = 7C0D7BC41A44B68600607581 /* LaunchScreen.xib */; };
		7C3FE4461AB3B69900A52266 /* MediaPlayer.framework in Frameworks */ = {isa = PBXBuildFile; fileRef = 7C3FE4451AB3B69900A52266 /* MediaPlayer.framework */; };
		7C3FF8361AB6723B003BAE01 /* AGAudioItemCollection.m in Sources */ = {isa = PBXBuildFile; fileRef = 7C3FF8351AB6723B003BAE01 /* AGAudioItemCollection.m */; };
		7C4B52531AB38CBC00A57843 /* Icons.xcassets in Resources */ = {isa = PBXBuildFile; fileRef = 7C4B52521AB38CBC00A57843 /* Icons.xcassets */; };
		7C7FE9991F79D9DA003D47C6 /* RemoteCommandManager.swift in Sources */ = {isa = PBXBuildFile; fileRef = 7C7FE9981F79D9DA003D47C6 /* RemoteCommandManager.swift */; };
		7CB928CE1E316BDB00D963A0 /* AGAudioPlayerViewController.swift in Sources */ = {isa = PBXBuildFile; fileRef = 7CB928CC1E316BDB00D963A0 /* AGAudioPlayerViewController.swift */; };
		7CB928CF1E316BDB00D963A0 /* AGAudioPlayerViewController.xib in Resources */ = {isa = PBXBuildFile; fileRef = 7CB928CD1E316BDB00D963A0 /* AGAudioPlayerViewController.xib */; };
		7CB928D11E316DB700D963A0 /* AGAudioPlayerTitleView.swift in Sources */ = {isa = PBXBuildFile; fileRef = 7CB928D01E316DB700D963A0 /* AGAudioPlayerTitleView.swift */; };
		7CB928D31E316DC400D963A0 /* AGAudioPlayerTitleView.xib in Resources */ = {isa = PBXBuildFile; fileRef = 7CB928D21E316DC400D963A0 /* AGAudioPlayerTitleView.xib */; };
		7CB928D61E316ECF00D963A0 /* ScrubberBar.swift in Sources */ = {isa = PBXBuildFile; fileRef = 7CB928D51E316ECF00D963A0 /* ScrubberBar.swift */; };
		7CB928D91E32B37200D963A0 /* AGAudioPlayerTransition.swift in Sources */ = {isa = PBXBuildFile; fileRef = 7CB928D81E32B37200D963A0 /* AGAudioPlayerTransition.swift */; };
		7CB928DB1E32C3B900D963A0 /* AGExtensions.swift in Sources */ = {isa = PBXBuildFile; fileRef = 7CB928DA1E32C3B900D963A0 /* AGExtensions.swift */; };
		7CC2509A1A447901009F91C8 /* main.m in Sources */ = {isa = PBXBuildFile; fileRef = 7CC250991A447901009F91C8 /* main.m */; };
		7CC2509D1A447901009F91C8 /* AppDelegate.m in Sources */ = {isa = PBXBuildFile; fileRef = 7CC2509C1A447901009F91C8 /* AppDelegate.m */; };
		7CC250A01A447901009F91C8 /* ViewController.m in Sources */ = {isa = PBXBuildFile; fileRef = 7CC2509F1A447901009F91C8 /* ViewController.m */; };
		7CC250A51A447901009F91C8 /* Images.xcassets in Resources */ = {isa = PBXBuildFile; fileRef = 7CC250A41A447901009F91C8 /* Images.xcassets */; };
		7CC250C01A44792F009F91C8 /* AGAudioPlayer.m in Sources */ = {isa = PBXBuildFile; fileRef = 7CC250BF1A44792F009F91C8 /* AGAudioPlayer.m */; };
		7CC250CE1A447A98009F91C8 /* AGAudioPlayerUpNextQueue.m in Sources */ = {isa = PBXBuildFile; fileRef = 7CC250CD1A447A98009F91C8 /* AGAudioPlayerUpNextQueue.m */; };
		7CC250D11A447AB0009F91C8 /* AGAudioItem.m in Sources */ = {isa = PBXBuildFile; fileRef = 7CC250D01A447AB0009F91C8 /* AGAudioItem.m */; };
		7CE24AAF1BDDD83800ABD545 /* BuildFile in Resources */ = {isa = PBXBuildFile; };
		7CE24AB01BDDD83800ABD545 /* BuildFile in Resources */ = {isa = PBXBuildFile; };
		7CE24AB31BDDD84B00ABD545 /* BuildFile in Resources */ = {isa = PBXBuildFile; };
		7CE24AB41BDDD84B00ABD545 /* BuildFile in Resources */ = {isa = PBXBuildFile; };
		C122A1CB1C083B1800DE7E07 /* AVFoundation.framework in Frameworks */ = {isa = PBXBuildFile; fileRef = C122A1CA1C083B1800DE7E07 /* AVFoundation.framework */; };
		C1511AB51BDD9F6E003B4E6C /* AppDelegate.m in Sources */ = {isa = PBXBuildFile; fileRef = C1511AB41BDD9F6E003B4E6C /* AppDelegate.m */; };
		C1511AB81BDD9F6E003B4E6C /* main.m in Sources */ = {isa = PBXBuildFile; fileRef = C1511AB71BDD9F6E003B4E6C /* main.m */; };
		C1511ABA1BDD9F6E003B4E6C /* Assets.xcassets in Resources */ = {isa = PBXBuildFile; fileRef = C1511AB91BDD9F6E003B4E6C /* Assets.xcassets */; };
		C1511ABD1BDD9F6E003B4E6C /* MainMenu.xib in Resources */ = {isa = PBXBuildFile; fileRef = C1511ABB1BDD9F6E003B4E6C /* MainMenu.xib */; };
		C1511AC21BDD9FE8003B4E6C /* AGAudioPlayer.h in Sources */ = {isa = PBXBuildFile; fileRef = 7CC250BE1A44792F009F91C8 /* AGAudioPlayer.h */; };
		C1511AC31BDD9FE8003B4E6C /* AGAudioPlayer.m in Sources */ = {isa = PBXBuildFile; fileRef = 7CC250BF1A44792F009F91C8 /* AGAudioPlayer.m */; };
		C1511AC41BDD9FE8003B4E6C /* AGAudioPlayerUpNextQueue.h in Sources */ = {isa = PBXBuildFile; fileRef = 7CC250CC1A447A98009F91C8 /* AGAudioPlayerUpNextQueue.h */; };
		C1511AC51BDD9FE8003B4E6C /* AGAudioPlayerUpNextQueue.m in Sources */ = {isa = PBXBuildFile; fileRef = 7CC250CD1A447A98009F91C8 /* AGAudioPlayerUpNextQueue.m */; };
		C1511AC61BDD9FE8003B4E6C /* AGAudioItem.h in Sources */ = {isa = PBXBuildFile; fileRef = 7CC250CF1A447AB0009F91C8 /* AGAudioItem.h */; };
		C1511AC71BDD9FE8003B4E6C /* AGAudioItem.m in Sources */ = {isa = PBXBuildFile; fileRef = 7CC250D01A447AB0009F91C8 /* AGAudioItem.m */; };
		C1511AC81BDD9FE8003B4E6C /* AGAudioItemCollection.h in Sources */ = {isa = PBXBuildFile; fileRef = 7C3FF8341AB6723B003BAE01 /* AGAudioItemCollection.h */; };
		C1511AC91BDD9FE8003B4E6C /* AGAudioItemCollection.m in Sources */ = {isa = PBXBuildFile; fileRef = 7C3FF8351AB6723B003BAE01 /* AGAudioItemCollection.m */; };
/* End PBXBuildFile section */

/* Begin PBXFileReference section */
		4333981A2249E91E00BECC8A /* UIColor+AGAudioPlayer.swift */ = {isa = PBXFileReference; lastKnownFileType = sourcecode.swift; path = "UIColor+AGAudioPlayer.swift"; sourceTree = "<group>"; };
		73E8357834B009C798EBD780 /* Pods-AGAudioPlayer.release.xcconfig */ = {isa = PBXFileReference; includeInIndex = 1; lastKnownFileType = text.xcconfig; name = "Pods-AGAudioPlayer.release.xcconfig"; path = "Target Support Files/Pods-AGAudioPlayer/Pods-AGAudioPlayer.release.xcconfig"; sourceTree = "<group>"; };
		7452075F40E5EDF6C2DE7ED1 /* Pods-AGAudioPlayer.debug.xcconfig */ = {isa = PBXFileReference; includeInIndex = 1; lastKnownFileType = text.xcconfig; name = "Pods-AGAudioPlayer.debug.xcconfig"; path = "Target Support Files/Pods-AGAudioPlayer/Pods-AGAudioPlayer.debug.xcconfig"; sourceTree = "<group>"; };
		7C0D7BC51A44B68600607581 /* Base */ = {isa = PBXFileReference; lastKnownFileType = file.xib; name = Base; path = Base.lproj/LaunchScreen.xib; sourceTree = "<group>"; };
		7C3FE4451AB3B69900A52266 /* MediaPlayer.framework */ = {isa = PBXFileReference; lastKnownFileType = wrapper.framework; name = MediaPlayer.framework; path = System/Library/Frameworks/MediaPlayer.framework; sourceTree = SDKROOT; };
		7C3FF8341AB6723B003BAE01 /* AGAudioItemCollection.h */ = {isa = PBXFileReference; fileEncoding = 4; lastKnownFileType = sourcecode.c.h; path = AGAudioItemCollection.h; sourceTree = "<group>"; };
		7C3FF8351AB6723B003BAE01 /* AGAudioItemCollection.m */ = {isa = PBXFileReference; fileEncoding = 4; lastKnownFileType = sourcecode.c.objc; path = AGAudioItemCollection.m; sourceTree = "<group>"; };
		7C3FF8381AB67FE6003BAE01 /* AGCachable.h */ = {isa = PBXFileReference; fileEncoding = 4; lastKnownFileType = sourcecode.c.h; name = AGCachable.h; path = AGAudioPlayer/AGCachable.h; sourceTree = "<group>"; };
		7C4B52521AB38CBC00A57843 /* Icons.xcassets */ = {isa = PBXFileReference; lastKnownFileType = folder.assetcatalog; path = Icons.xcassets; sourceTree = "<group>"; };
		7C7FE9981F79D9DA003D47C6 /* RemoteCommandManager.swift */ = {isa = PBXFileReference; lastKnownFileType = sourcecode.swift; path = RemoteCommandManager.swift; sourceTree = "<group>"; };
		7CB928C51E316AD000D963A0 /* AGAudioPlayer-Bridging-Header.h */ = {isa = PBXFileReference; lastKnownFileType = sourcecode.c.h; path = "AGAudioPlayer-Bridging-Header.h"; sourceTree = "<group>"; };
		7CB928CC1E316BDB00D963A0 /* AGAudioPlayerViewController.swift */ = {isa = PBXFileReference; fileEncoding = 4; lastKnownFileType = sourcecode.swift; path = AGAudioPlayerViewController.swift; sourceTree = "<group>"; };
		7CB928CD1E316BDB00D963A0 /* AGAudioPlayerViewController.xib */ = {isa = PBXFileReference; fileEncoding = 4; lastKnownFileType = file.xib; path = AGAudioPlayerViewController.xib; sourceTree = "<group>"; };
		7CB928D01E316DB700D963A0 /* AGAudioPlayerTitleView.swift */ = {isa = PBXFileReference; fileEncoding = 4; lastKnownFileType = sourcecode.swift; path = AGAudioPlayerTitleView.swift; sourceTree = "<group>"; };
		7CB928D21E316DC400D963A0 /* AGAudioPlayerTitleView.xib */ = {isa = PBXFileReference; fileEncoding = 4; lastKnownFileType = file.xib; path = AGAudioPlayerTitleView.xib; sourceTree = "<group>"; };
		7CB928D51E316ECF00D963A0 /* ScrubberBar.swift */ = {isa = PBXFileReference; fileEncoding = 4; lastKnownFileType = sourcecode.swift; path = ScrubberBar.swift; sourceTree = "<group>"; };
		7CB928D81E32B37200D963A0 /* AGAudioPlayerTransition.swift */ = {isa = PBXFileReference; fileEncoding = 4; lastKnownFileType = sourcecode.swift; name = AGAudioPlayerTransition.swift; path = Transition/AGAudioPlayerTransition.swift; sourceTree = "<group>"; };
		7CB928DA1E32C3B900D963A0 /* AGExtensions.swift */ = {isa = PBXFileReference; fileEncoding = 4; lastKnownFileType = sourcecode.swift; path = AGExtensions.swift; sourceTree = "<group>"; };
		7CC250941A447901009F91C8 /* AGAudioPlayer.app */ = {isa = PBXFileReference; explicitFileType = wrapper.application; includeInIndex = 0; path = AGAudioPlayer.app; sourceTree = BUILT_PRODUCTS_DIR; };
		7CC250981A447901009F91C8 /* Info.plist */ = {isa = PBXFileReference; lastKnownFileType = text.plist.xml; path = Info.plist; sourceTree = "<group>"; };
		7CC250991A447901009F91C8 /* main.m */ = {isa = PBXFileReference; lastKnownFileType = sourcecode.c.objc; path = main.m; sourceTree = "<group>"; };
		7CC2509B1A447901009F91C8 /* AppDelegate.h */ = {isa = PBXFileReference; fileEncoding = 4; lastKnownFileType = sourcecode.c.h; path = AppDelegate.h; sourceTree = "<group>"; };
		7CC2509C1A447901009F91C8 /* AppDelegate.m */ = {isa = PBXFileReference; fileEncoding = 4; lastKnownFileType = sourcecode.c.objc; path = AppDelegate.m; sourceTree = "<group>"; };
		7CC2509E1A447901009F91C8 /* ViewController.h */ = {isa = PBXFileReference; lastKnownFileType = sourcecode.c.h; path = ViewController.h; sourceTree = "<group>"; };
		7CC2509F1A447901009F91C8 /* ViewController.m */ = {isa = PBXFileReference; lastKnownFileType = sourcecode.c.objc; path = ViewController.m; sourceTree = "<group>"; };
		7CC250A41A447901009F91C8 /* Images.xcassets */ = {isa = PBXFileReference; lastKnownFileType = folder.assetcatalog; path = Images.xcassets; sourceTree = "<group>"; };
		7CC250B21A447901009F91C8 /* Info.plist */ = {isa = PBXFileReference; lastKnownFileType = text.plist.xml; path = Info.plist; sourceTree = "<group>"; };
		7CC250B31A447901009F91C8 /* AGAudioPlayerTests.m */ = {isa = PBXFileReference; lastKnownFileType = sourcecode.c.objc; path = AGAudioPlayerTests.m; sourceTree = "<group>"; };
		7CC250BE1A44792F009F91C8 /* AGAudioPlayer.h */ = {isa = PBXFileReference; fileEncoding = 4; lastKnownFileType = sourcecode.c.h; path = AGAudioPlayer.h; sourceTree = "<group>"; };
		7CC250BF1A44792F009F91C8 /* AGAudioPlayer.m */ = {isa = PBXFileReference; fileEncoding = 4; lastKnownFileType = sourcecode.c.objc; path = AGAudioPlayer.m; sourceTree = "<group>"; };
		7CC250CC1A447A98009F91C8 /* AGAudioPlayerUpNextQueue.h */ = {isa = PBXFileReference; fileEncoding = 4; lastKnownFileType = sourcecode.c.h; path = AGAudioPlayerUpNextQueue.h; sourceTree = "<group>"; };
		7CC250CD1A447A98009F91C8 /* AGAudioPlayerUpNextQueue.m */ = {isa = PBXFileReference; fileEncoding = 4; lastKnownFileType = sourcecode.c.objc; path = AGAudioPlayerUpNextQueue.m; sourceTree = "<group>"; };
		7CC250CF1A447AB0009F91C8 /* AGAudioItem.h */ = {isa = PBXFileReference; fileEncoding = 4; lastKnownFileType = sourcecode.c.h; path = AGAudioItem.h; sourceTree = "<group>"; };
		7CC250D01A447AB0009F91C8 /* AGAudioItem.m */ = {isa = PBXFileReference; fileEncoding = 4; lastKnownFileType = sourcecode.c.objc; path = AGAudioItem.m; sourceTree = "<group>"; };
		8CE1C12F3C975C70D67852CA /* Pods_AGAudioPlayer.framework */ = {isa = PBXFileReference; explicitFileType = wrapper.framework; includeInIndex = 0; path = Pods_AGAudioPlayer.framework; sourceTree = BUILT_PRODUCTS_DIR; };
		C122A1CA1C083B1800DE7E07 /* AVFoundation.framework */ = {isa = PBXFileReference; lastKnownFileType = wrapper.framework; name = AVFoundation.framework; path = Platforms/MacOSX.platform/Developer/SDKs/MacOSX10.11.sdk/System/Library/Frameworks/AVFoundation.framework; sourceTree = DEVELOPER_DIR; };
		C1511AB11BDD9F6E003B4E6C /* AGAudioPlayerOSX.app */ = {isa = PBXFileReference; explicitFileType = wrapper.application; includeInIndex = 0; path = AGAudioPlayerOSX.app; sourceTree = BUILT_PRODUCTS_DIR; };
		C1511AB31BDD9F6E003B4E6C /* AppDelegate.h */ = {isa = PBXFileReference; lastKnownFileType = sourcecode.c.h; path = AppDelegate.h; sourceTree = "<group>"; };
		C1511AB41BDD9F6E003B4E6C /* AppDelegate.m */ = {isa = PBXFileReference; lastKnownFileType = sourcecode.c.objc; path = AppDelegate.m; sourceTree = "<group>"; };
		C1511AB71BDD9F6E003B4E6C /* main.m */ = {isa = PBXFileReference; lastKnownFileType = sourcecode.c.objc; path = main.m; sourceTree = "<group>"; };
		C1511AB91BDD9F6E003B4E6C /* Assets.xcassets */ = {isa = PBXFileReference; lastKnownFileType = folder.assetcatalog; path = Assets.xcassets; sourceTree = "<group>"; };
		C1511ABC1BDD9F6E003B4E6C /* Base */ = {isa = PBXFileReference; lastKnownFileType = file.xib; name = Base; path = Base.lproj/MainMenu.xib; sourceTree = "<group>"; };
		C1511ABE1BDD9F6E003B4E6C /* Info.plist */ = {isa = PBXFileReference; lastKnownFileType = text.plist.xml; path = Info.plist; sourceTree = "<group>"; };
		C1511ACA1BDDA420003B4E6C /* libPods-osx-HysteriaPlayer.a */ = {isa = PBXFileReference; lastKnownFileType = archive.ar; name = "libPods-osx-HysteriaPlayer.a"; path = "../../Library/Developer/Xcode/DerivedData/AGAudioPlayer-ceysjiavmokbcggbxsrdkqaoqjyg/Build/Products/Debug/libPods-osx-HysteriaPlayer.a"; sourceTree = "<group>"; };
/* End PBXFileReference section */

/* Begin PBXFrameworksBuildPhase section */
		7CC250911A447901009F91C8 /* Frameworks */ = {
			isa = PBXFrameworksBuildPhase;
			buildActionMask = 2147483647;
			files = (
				7C3FE4461AB3B69900A52266 /* MediaPlayer.framework in Frameworks */,
				13636ECC66CDACE8C32B9405 /* Pods_AGAudioPlayer.framework in Frameworks */,
			);
			runOnlyForDeploymentPostprocessing = 0;
		};
		C1511AAE1BDD9F6E003B4E6C /* Frameworks */ = {
			isa = PBXFrameworksBuildPhase;
			buildActionMask = 2147483647;
			files = (
				C122A1CB1C083B1800DE7E07 /* AVFoundation.framework in Frameworks */,
			);
			runOnlyForDeploymentPostprocessing = 0;
		};
/* End PBXFrameworksBuildPhase section */

/* Begin PBXGroup section */
		611DADBAC9E9F54CCE4C248F /* Pods */ = {
			isa = PBXGroup;
			children = (
				7452075F40E5EDF6C2DE7ED1 /* Pods-AGAudioPlayer.debug.xcconfig */,
				73E8357834B009C798EBD780 /* Pods-AGAudioPlayer.release.xcconfig */,
			);
			path = Pods;
			sourceTree = "<group>";
		};
		7C4B52481AB383C800A57843 /* UI */ = {
			isa = PBXGroup;
			children = (
				7C7FE9971F79D9C1003D47C6 /* Remote */,
				7CB928D71E32B35400D963A0 /* Transition */,
				7CB928D41E316EBF00D963A0 /* Components */,
				7C4B52521AB38CBC00A57843 /* Icons.xcassets */,
				7CB928C51E316AD000D963A0 /* AGAudioPlayer-Bridging-Header.h */,
				7CB928CC1E316BDB00D963A0 /* AGAudioPlayerViewController.swift */,
				7CB928CD1E316BDB00D963A0 /* AGAudioPlayerViewController.xib */,
				7CB928DA1E32C3B900D963A0 /* AGExtensions.swift */,
			);
			path = UI;
			sourceTree = "<group>";
		};
		7C7FE9971F79D9C1003D47C6 /* Remote */ = {
			isa = PBXGroup;
			children = (
				7C7FE9981F79D9DA003D47C6 /* RemoteCommandManager.swift */,
			);
			name = Remote;
			sourceTree = "<group>";
		};
		7CB928D41E316EBF00D963A0 /* Components */ = {
			isa = PBXGroup;
			children = (
				7CB928D01E316DB700D963A0 /* AGAudioPlayerTitleView.swift */,
				7CB928D21E316DC400D963A0 /* AGAudioPlayerTitleView.xib */,
				7CB928D51E316ECF00D963A0 /* ScrubberBar.swift */,
			);
			name = Components;
			sourceTree = "<group>";
		};
		7CB928D71E32B35400D963A0 /* Transition */ = {
			isa = PBXGroup;
			children = (
				7CB928D81E32B37200D963A0 /* AGAudioPlayerTransition.swift */,
			);
			name = Transition;
			sourceTree = "<group>";
		};
		7CC2508B1A447901009F91C8 = {
			isa = PBXGroup;
			children = (
				7C3FF8381AB67FE6003BAE01 /* AGCachable.h */,
				7CC250BD1A447910009F91C8 /* Example */,
				7CC250961A447901009F91C8 /* AGAudioPlayer */,
				7CC250B01A447901009F91C8 /* AGAudioPlayerTests */,
				C1511AB21BDD9F6E003B4E6C /* AGAudioPlayerOSX */,
				7CC250951A447901009F91C8 /* Products */,
				611DADBAC9E9F54CCE4C248F /* Pods */,
				80D42F16B827D769063109BD /* Frameworks */,
			);
			sourceTree = "<group>";
		};
		7CC250951A447901009F91C8 /* Products */ = {
			isa = PBXGroup;
			children = (
				7CC250941A447901009F91C8 /* AGAudioPlayer.app */,
				C1511AB11BDD9F6E003B4E6C /* AGAudioPlayerOSX.app */,
			);
			name = Products;
			sourceTree = "<group>";
		};
		7CC250961A447901009F91C8 /* AGAudioPlayer */ = {
			isa = PBXGroup;
			children = (
				7C4B52481AB383C800A57843 /* UI */,
				7CC250BE1A44792F009F91C8 /* AGAudioPlayer.h */,
				7CC250BF1A44792F009F91C8 /* AGAudioPlayer.m */,
				7CC250CC1A447A98009F91C8 /* AGAudioPlayerUpNextQueue.h */,
				7CC250CD1A447A98009F91C8 /* AGAudioPlayerUpNextQueue.m */,
				7CC250CF1A447AB0009F91C8 /* AGAudioItem.h */,
				7CC250D01A447AB0009F91C8 /* AGAudioItem.m */,
				7C3FF8341AB6723B003BAE01 /* AGAudioItemCollection.h */,
				7C3FF8351AB6723B003BAE01 /* AGAudioItemCollection.m */,
				4333981A2249E91E00BECC8A /* UIColor+AGAudioPlayer.swift */,
			);
			path = AGAudioPlayer;
			sourceTree = "<group>";
		};
		7CC250971A447901009F91C8 /* Supporting Files */ = {
			isa = PBXGroup;
			children = (
				7CC250981A447901009F91C8 /* Info.plist */,
				7CC250991A447901009F91C8 /* main.m */,
			);
			path = "Supporting Files";
			sourceTree = "<group>";
		};
		7CC250B01A447901009F91C8 /* AGAudioPlayerTests */ = {
			isa = PBXGroup;
			children = (
				7CC250B31A447901009F91C8 /* AGAudioPlayerTests.m */,
				7CC250B11A447901009F91C8 /* Supporting Files */,
			);
			path = AGAudioPlayerTests;
			sourceTree = "<group>";
		};
		7CC250B11A447901009F91C8 /* Supporting Files */ = {
			isa = PBXGroup;
			children = (
				7CC250B21A447901009F91C8 /* Info.plist */,
			);
			path = "Supporting Files";
			sourceTree = "<group>";
		};
		7CC250BD1A447910009F91C8 /* Example */ = {
			isa = PBXGroup;
			children = (
				7C0D7BC41A44B68600607581 /* LaunchScreen.xib */,
				7CC2509B1A447901009F91C8 /* AppDelegate.h */,
				7CC2509C1A447901009F91C8 /* AppDelegate.m */,
				7CC2509E1A447901009F91C8 /* ViewController.h */,
				7CC2509F1A447901009F91C8 /* ViewController.m */,
				7CC250A41A447901009F91C8 /* Images.xcassets */,
				7CC250971A447901009F91C8 /* Supporting Files */,
			);
			path = Example;
			sourceTree = "<group>";
		};
		80D42F16B827D769063109BD /* Frameworks */ = {
			isa = PBXGroup;
			children = (
				C122A1CA1C083B1800DE7E07 /* AVFoundation.framework */,
				C1511ACA1BDDA420003B4E6C /* libPods-osx-HysteriaPlayer.a */,
				7C3FE4451AB3B69900A52266 /* MediaPlayer.framework */,
				8CE1C12F3C975C70D67852CA /* Pods_AGAudioPlayer.framework */,
			);
			name = Frameworks;
			sourceTree = "<group>";
		};
		C1511AB21BDD9F6E003B4E6C /* AGAudioPlayerOSX */ = {
			isa = PBXGroup;
			children = (
				C1511AB31BDD9F6E003B4E6C /* AppDelegate.h */,
				C1511AB41BDD9F6E003B4E6C /* AppDelegate.m */,
				C1511AB91BDD9F6E003B4E6C /* Assets.xcassets */,
				C1511ABB1BDD9F6E003B4E6C /* MainMenu.xib */,
				C1511ABE1BDD9F6E003B4E6C /* Info.plist */,
				C1511AB61BDD9F6E003B4E6C /* Supporting Files */,
			);
			path = AGAudioPlayerOSX;
			sourceTree = "<group>";
		};
		C1511AB61BDD9F6E003B4E6C /* Supporting Files */ = {
			isa = PBXGroup;
			children = (
				C1511AB71BDD9F6E003B4E6C /* main.m */,
			);
			name = "Supporting Files";
			sourceTree = "<group>";
		};
/* End PBXGroup section */

/* Begin PBXNativeTarget section */
		7CC250931A447901009F91C8 /* AGAudioPlayer */ = {
			isa = PBXNativeTarget;
			buildConfigurationList = 7CC250B71A447901009F91C8 /* Build configuration list for PBXNativeTarget "AGAudioPlayer" */;
			buildPhases = (
				30BC72884469EF0D879D88F0 /* [CP] Check Pods Manifest.lock */,
				7CC250901A447901009F91C8 /* Sources */,
				7CC250911A447901009F91C8 /* Frameworks */,
				7CC250921A447901009F91C8 /* Resources */,
				EDB520548F83A758893B6876 /* [CP] Embed Pods Frameworks */,
			);
			buildRules = (
			);
			dependencies = (
			);
			name = AGAudioPlayer;
			productName = AGAudioPlayer;
			productReference = 7CC250941A447901009F91C8 /* AGAudioPlayer.app */;
			productType = "com.apple.product-type.application";
		};
		C1511AB01BDD9F6E003B4E6C /* AGAudioPlayerOSX */ = {
			isa = PBXNativeTarget;
			buildConfigurationList = C1511AC11BDD9F6E003B4E6C /* Build configuration list for PBXNativeTarget "AGAudioPlayerOSX" */;
			buildPhases = (
				C1511AAD1BDD9F6E003B4E6C /* Sources */,
				C1511AAE1BDD9F6E003B4E6C /* Frameworks */,
				C1511AAF1BDD9F6E003B4E6C /* Resources */,
			);
			buildRules = (
			);
			dependencies = (
			);
			name = AGAudioPlayerOSX;
			productName = AGAudioPlayerOSX;
			productReference = C1511AB11BDD9F6E003B4E6C /* AGAudioPlayerOSX.app */;
			productType = "com.apple.product-type.application";
		};
/* End PBXNativeTarget section */

/* Begin PBXProject section */
		7CC2508C1A447901009F91C8 /* Project object */ = {
			isa = PBXProject;
			attributes = {
				LastUpgradeCheck = 0820;
				ORGANIZATIONNAME = "Alec Gorge";
				TargetAttributes = {
					7CC250931A447901009F91C8 = {
						CreatedOnToolsVersion = 6.1.1;
						DevelopmentTeam = HT7ELV3Q35;
						LastSwiftMigration = 1020;
					};
					C1511AB01BDD9F6E003B4E6C = {
						CreatedOnToolsVersion = 7.0;
						LastSwiftMigration = 1020;
					};
				};
			};
			buildConfigurationList = 7CC2508F1A447901009F91C8 /* Build configuration list for PBXProject "AGAudioPlayer" */;
			compatibilityVersion = "Xcode 3.2";
			developmentRegion = English;
			hasScannedForEncodings = 0;
			knownRegions = (
				English,
				en,
				Base,
			);
			mainGroup = 7CC2508B1A447901009F91C8;
			productRefGroup = 7CC250951A447901009F91C8 /* Products */;
			projectDirPath = "";
			projectRoot = "";
			targets = (
				7CC250931A447901009F91C8 /* AGAudioPlayer */,
				C1511AB01BDD9F6E003B4E6C /* AGAudioPlayerOSX */,
			);
		};
/* End PBXProject section */

/* Begin PBXResourcesBuildPhase section */
		7CC250921A447901009F91C8 /* Resources */ = {
			isa = PBXResourcesBuildPhase;
			buildActionMask = 2147483647;
			files = (
				7CB928D31E316DC400D963A0 /* AGAudioPlayerTitleView.xib in Resources */,
				7CE24AB41BDDD84B00ABD545 /* BuildFile in Resources */,
				7CE24AAF1BDDD83800ABD545 /* BuildFile in Resources */,
				7CE24AB31BDDD84B00ABD545 /* BuildFile in Resources */,
				7C0D7BC81A44B68600607581 /* LaunchScreen.xib in Resources */,
				7CC250A51A447901009F91C8 /* Images.xcassets in Resources */,
				7CE24AB01BDDD83800ABD545 /* BuildFile in Resources */,
				7CB928CF1E316BDB00D963A0 /* AGAudioPlayerViewController.xib in Resources */,
				7C4B52531AB38CBC00A57843 /* Icons.xcassets in Resources */,
			);
			runOnlyForDeploymentPostprocessing = 0;
		};
		C1511AAF1BDD9F6E003B4E6C /* Resources */ = {
			isa = PBXResourcesBuildPhase;
			buildActionMask = 2147483647;
			files = (
				C1511ABA1BDD9F6E003B4E6C /* Assets.xcassets in Resources */,
				C1511ABD1BDD9F6E003B4E6C /* MainMenu.xib in Resources */,
			);
			runOnlyForDeploymentPostprocessing = 0;
		};
/* End PBXResourcesBuildPhase section */

/* Begin PBXShellScriptBuildPhase section */
		30BC72884469EF0D879D88F0 /* [CP] Check Pods Manifest.lock */ = {
			isa = PBXShellScriptBuildPhase;
			buildActionMask = 2147483647;
			files = (
			);
			inputFileListPaths = (
			);
			inputPaths = (
				"${PODS_PODFILE_DIR_PATH}/Podfile.lock",
				"${PODS_ROOT}/Manifest.lock",
			);
			name = "[CP] Check Pods Manifest.lock";
			outputFileListPaths = (
			);
			outputPaths = (
				"$(DERIVED_FILE_DIR)/Pods-AGAudioPlayer-checkManifestLockResult.txt",
			);
			runOnlyForDeploymentPostprocessing = 0;
			shellPath = /bin/sh;
			shellScript = "diff \"${PODS_PODFILE_DIR_PATH}/Podfile.lock\" \"${PODS_ROOT}/Manifest.lock\" > /dev/null\nif [ $? != 0 ] ; then\n    # print error to STDERR\n    echo \"error: The sandbox is not in sync with the Podfile.lock. Run 'pod install' or update your CocoaPods installation.\" >&2\n    exit 1\nfi\n# This output is used by Xcode 'outputs' to avoid re-running this script phase.\necho \"SUCCESS\" > \"${SCRIPT_OUTPUT_FILE_0}\"\n";
			showEnvVarsInLog = 0;
		};
		EDB520548F83A758893B6876 /* [CP] Embed Pods Frameworks */ = {
			isa = PBXShellScriptBuildPhase;
			buildActionMask = 2147483647;
			files = (
			);
			inputPaths = (
				"${PODS_ROOT}/Target Support Files/Pods-AGAudioPlayer/Pods-AGAudioPlayer-frameworks.sh",
				"${BUILT_PRODUCTS_DIR}/BASSGaplessAudioPlayer/BASSGaplessAudioPlayer.framework",
				"${BUILT_PRODUCTS_DIR}/Interpolate/Interpolate.framework",
				"${BUILT_PRODUCTS_DIR}/MarqueeLabel/MarqueeLabel.framework",
				"${BUILT_PRODUCTS_DIR}/NapySlider/NapySlider.framework",
			);
			name = "[CP] Embed Pods Frameworks";
			outputPaths = (
				"${TARGET_BUILD_DIR}/${FRAMEWORKS_FOLDER_PATH}/BASSGaplessAudioPlayer.framework",
				"${TARGET_BUILD_DIR}/${FRAMEWORKS_FOLDER_PATH}/Interpolate.framework",
				"${TARGET_BUILD_DIR}/${FRAMEWORKS_FOLDER_PATH}/MarqueeLabel.framework",
				"${TARGET_BUILD_DIR}/${FRAMEWORKS_FOLDER_PATH}/NapySlider.framework",
			);
			runOnlyForDeploymentPostprocessing = 0;
			shellPath = /bin/sh;
			shellScript = "\"${PODS_ROOT}/Target Support Files/Pods-AGAudioPlayer/Pods-AGAudioPlayer-frameworks.sh\"\n";
			showEnvVarsInLog = 0;
		};
/* End PBXShellScriptBuildPhase section */

/* Begin PBXSourcesBuildPhase section */
		7CC250901A447901009F91C8 /* Sources */ = {
			isa = PBXSourcesBuildPhase;
			buildActionMask = 2147483647;
			files = (
				7C7FE9991F79D9DA003D47C6 /* RemoteCommandManager.swift in Sources */,
				7CB928D11E316DB700D963A0 /* AGAudioPlayerTitleView.swift in Sources */,
				7CC250CE1A447A98009F91C8 /* AGAudioPlayerUpNextQueue.m in Sources */,
				7CC250A01A447901009F91C8 /* ViewController.m in Sources */,
				7CC250C01A44792F009F91C8 /* AGAudioPlayer.m in Sources */,
				7CC2509D1A447901009F91C8 /* AppDelegate.m in Sources */,
				7CB928DB1E32C3B900D963A0 /* AGExtensions.swift in Sources */,
				7CC2509A1A447901009F91C8 /* main.m in Sources */,
				7CC250D11A447AB0009F91C8 /* AGAudioItem.m in Sources */,
				4333981B2249E91E00BECC8A /* UIColor+AGAudioPlayer.swift in Sources */,
				7CB928D61E316ECF00D963A0 /* ScrubberBar.swift in Sources */,
				7CB928D91E32B37200D963A0 /* AGAudioPlayerTransition.swift in Sources */,
				7CB928CE1E316BDB00D963A0 /* AGAudioPlayerViewController.swift in Sources */,
				7C3FF8361AB6723B003BAE01 /* AGAudioItemCollection.m in Sources */,
			);
			runOnlyForDeploymentPostprocessing = 0;
		};
		C1511AAD1BDD9F6E003B4E6C /* Sources */ = {
			isa = PBXSourcesBuildPhase;
			buildActionMask = 2147483647;
			files = (
				C1511AC21BDD9FE8003B4E6C /* AGAudioPlayer.h in Sources */,
				C1511AC31BDD9FE8003B4E6C /* AGAudioPlayer.m in Sources */,
				C1511AC41BDD9FE8003B4E6C /* AGAudioPlayerUpNextQueue.h in Sources */,
				C1511AC51BDD9FE8003B4E6C /* AGAudioPlayerUpNextQueue.m in Sources */,
				C1511AC61BDD9FE8003B4E6C /* AGAudioItem.h in Sources */,
				C1511AC71BDD9FE8003B4E6C /* AGAudioItem.m in Sources */,
				4333981C2249E91E00BECC8A /* UIColor+AGAudioPlayer.swift in Sources */,
				C1511AC81BDD9FE8003B4E6C /* AGAudioItemCollection.h in Sources */,
				C1511AC91BDD9FE8003B4E6C /* AGAudioItemCollection.m in Sources */,
				C1511AB81BDD9F6E003B4E6C /* main.m in Sources */,
				C1511AB51BDD9F6E003B4E6C /* AppDelegate.m in Sources */,
			);
			runOnlyForDeploymentPostprocessing = 0;
		};
/* End PBXSourcesBuildPhase section */

/* Begin PBXVariantGroup section */
		7C0D7BC41A44B68600607581 /* LaunchScreen.xib */ = {
			isa = PBXVariantGroup;
			children = (
				7C0D7BC51A44B68600607581 /* Base */,
			);
			name = LaunchScreen.xib;
			sourceTree = "<group>";
		};
		C1511ABB1BDD9F6E003B4E6C /* MainMenu.xib */ = {
			isa = PBXVariantGroup;
			children = (
				C1511ABC1BDD9F6E003B4E6C /* Base */,
			);
			name = MainMenu.xib;
			sourceTree = "<group>";
		};
/* End PBXVariantGroup section */

/* Begin XCBuildConfiguration section */
		7CC250B51A447901009F91C8 /* Debug */ = {
			isa = XCBuildConfiguration;
			buildSettings = {
				ALWAYS_EMBED_SWIFT_STANDARD_LIBRARIES = YES;
				ALWAYS_SEARCH_USER_PATHS = NO;
				CLANG_CXX_LANGUAGE_STANDARD = "gnu++0x";
				CLANG_CXX_LIBRARY = "libc++";
				CLANG_ENABLE_MODULES = YES;
				CLANG_ENABLE_OBJC_ARC = YES;
				CLANG_WARN_BOOL_CONVERSION = YES;
				CLANG_WARN_CONSTANT_CONVERSION = YES;
				CLANG_WARN_DIRECT_OBJC_ISA_USAGE = YES_ERROR;
				CLANG_WARN_EMPTY_BODY = YES;
				CLANG_WARN_ENUM_CONVERSION = YES;
				CLANG_WARN_INFINITE_RECURSION = YES;
				CLANG_WARN_INT_CONVERSION = YES;
				CLANG_WARN_OBJC_ROOT_CLASS = YES_ERROR;
				CLANG_WARN_SUSPICIOUS_MOVE = YES;
				CLANG_WARN_UNREACHABLE_CODE = YES;
				CLANG_WARN__DUPLICATE_METHOD_MATCH = YES;
				"CODE_SIGN_IDENTITY[sdk=iphoneos*]" = "iPhone Developer";
				COPY_PHASE_STRIP = NO;
				DEFINES_MODULE = YES;
				ENABLE_BITCODE = NO;
				ENABLE_STRICT_OBJC_MSGSEND = YES;
				ENABLE_TESTABILITY = YES;
				GCC_C_LANGUAGE_STANDARD = gnu99;
				GCC_DYNAMIC_NO_PIC = NO;
				GCC_NO_COMMON_BLOCKS = YES;
				GCC_OPTIMIZATION_LEVEL = 0;
				GCC_PREPROCESSOR_DEFINITIONS = (
					"DEBUG=1",
					"$(inherited)",
				);
				GCC_SYMBOLS_PRIVATE_EXTERN = NO;
				GCC_WARN_64_TO_32_BIT_CONVERSION = YES;
				GCC_WARN_ABOUT_RETURN_TYPE = YES_ERROR;
				GCC_WARN_UNDECLARED_SELECTOR = YES;
				GCC_WARN_UNINITIALIZED_AUTOS = YES_AGGRESSIVE;
				GCC_WARN_UNUSED_FUNCTION = YES;
				GCC_WARN_UNUSED_VARIABLE = YES;
				IPHONEOS_DEPLOYMENT_TARGET = 11.0;
				MTL_ENABLE_DEBUG_INFO = YES;
				ONLY_ACTIVE_ARCH = YES;
				SDKROOT = iphoneos;
				SWIFT_VERSION = 4.2;
				TARGETED_DEVICE_FAMILY = "1,2";
			};
			name = Debug;
		};
		7CC250B61A447901009F91C8 /* Release */ = {
			isa = XCBuildConfiguration;
			buildSettings = {
				ALWAYS_EMBED_SWIFT_STANDARD_LIBRARIES = YES;
				ALWAYS_SEARCH_USER_PATHS = NO;
				CLANG_CXX_LANGUAGE_STANDARD = "gnu++0x";
				CLANG_CXX_LIBRARY = "libc++";
				CLANG_ENABLE_MODULES = YES;
				CLANG_ENABLE_OBJC_ARC = YES;
				CLANG_WARN_BOOL_CONVERSION = YES;
				CLANG_WARN_CONSTANT_CONVERSION = YES;
				CLANG_WARN_DIRECT_OBJC_ISA_USAGE = YES_ERROR;
				CLANG_WARN_EMPTY_BODY = YES;
				CLANG_WARN_ENUM_CONVERSION = YES;
				CLANG_WARN_INFINITE_RECURSION = YES;
				CLANG_WARN_INT_CONVERSION = YES;
				CLANG_WARN_OBJC_ROOT_CLASS = YES_ERROR;
				CLANG_WARN_SUSPICIOUS_MOVE = YES;
				CLANG_WARN_UNREACHABLE_CODE = YES;
				CLANG_WARN__DUPLICATE_METHOD_MATCH = YES;
				"CODE_SIGN_IDENTITY[sdk=iphoneos*]" = "iPhone Developer";
				COPY_PHASE_STRIP = YES;
				DEFINES_MODULE = YES;
				ENABLE_BITCODE = NO;
				ENABLE_NS_ASSERTIONS = NO;
				ENABLE_STRICT_OBJC_MSGSEND = YES;
				GCC_C_LANGUAGE_STANDARD = gnu99;
				GCC_NO_COMMON_BLOCKS = YES;
				GCC_WARN_64_TO_32_BIT_CONVERSION = YES;
				GCC_WARN_ABOUT_RETURN_TYPE = YES_ERROR;
				GCC_WARN_UNDECLARED_SELECTOR = YES;
				GCC_WARN_UNINITIALIZED_AUTOS = YES_AGGRESSIVE;
				GCC_WARN_UNUSED_FUNCTION = YES;
				GCC_WARN_UNUSED_VARIABLE = YES;
				IPHONEOS_DEPLOYMENT_TARGET = 11.0;
				MTL_ENABLE_DEBUG_INFO = NO;
				SDKROOT = iphoneos;
				SWIFT_OPTIMIZATION_LEVEL = "-Owholemodule";
				SWIFT_VERSION = 4.2;
				TARGETED_DEVICE_FAMILY = "1,2";
				VALIDATE_PRODUCT = YES;
			};
			name = Release;
		};
		7CC250B81A447901009F91C8 /* Debug */ = {
			isa = XCBuildConfiguration;
			baseConfigurationReference = 7452075F40E5EDF6C2DE7ED1 /* Pods-AGAudioPlayer.debug.xcconfig */;
			buildSettings = {
				ASSETCATALOG_COMPILER_APPICON_NAME = AppIcon;
				CLANG_ENABLE_MODULES = YES;
				DEFINES_MODULE = YES;
				DEVELOPMENT_TEAM = HT7ELV3Q35;
				HEADER_SEARCH_PATHS = (
					"$(inherited)",
					"\"${PODS_ROOT}/Headers/Public\"",
					"\"${PODS_ROOT}/Headers/Public/ASValueTrackingSlider\"",
					"\"${PODS_ROOT}/Headers/Public/FreeStreamer\"",
					"\"${PODS_ROOT}/Headers/Public/LLACircularProgressView\"",
					"\"${PODS_ROOT}/Headers/Public/MarqueeLabel\"",
					"\"${PODS_ROOT}/Headers/Public/NAKPlaybackIndicatorView\"",
					"\"${PODS_ROOT}/Headers/Public/Reachability\"",
					"$(SDKROOT)/usr/include/libxml2",
					"\"${PODS_ROOT}/BuildHeaders\"/**",
				);
				INFOPLIST_FILE = "Example/Supporting Files/Info.plist";
				IPHONEOS_DEPLOYMENT_TARGET = 11.0;
				LD_RUNPATH_SEARCH_PATHS = "$(inherited) @executable_path/Frameworks";
				LIBRARY_SEARCH_PATHS = "$(inherited)";
				OTHER_LDFLAGS = "$(inherited)";
				OTHER_LIBTOOLFLAGS = "$(inherited)";
				PRODUCT_BUNDLE_IDENTIFIER = "com.alecgorge.$(PRODUCT_NAME:rfc1034identifier)";
				PRODUCT_NAME = "$(TARGET_NAME)";
				SWIFT_OBJC_BRIDGING_HEADER = "AGAudioPlayer/UI/AGAudioPlayer-Bridging-Header.h";
				SWIFT_OPTIMIZATION_LEVEL = "-Onone";
				SWIFT_VERSION = 5.0;
			};
			name = Debug;
		};
		7CC250B91A447901009F91C8 /* Release */ = {
			isa = XCBuildConfiguration;
			baseConfigurationReference = 73E8357834B009C798EBD780 /* Pods-AGAudioPlayer.release.xcconfig */;
			buildSettings = {
				ASSETCATALOG_COMPILER_APPICON_NAME = AppIcon;
				CLANG_ENABLE_MODULES = YES;
				DEFINES_MODULE = YES;
				DEVELOPMENT_TEAM = HT7ELV3Q35;
				HEADER_SEARCH_PATHS = (
					"$(inherited)",
					"\"${PODS_ROOT}/Headers/Public\"",
					"\"${PODS_ROOT}/Headers/Public/ASValueTrackingSlider\"",
					"\"${PODS_ROOT}/Headers/Public/FreeStreamer\"",
					"\"${PODS_ROOT}/Headers/Public/LLACircularProgressView\"",
					"\"${PODS_ROOT}/Headers/Public/MarqueeLabel\"",
					"\"${PODS_ROOT}/Headers/Public/NAKPlaybackIndicatorView\"",
					"\"${PODS_ROOT}/Headers/Public/Reachability\"",
					"$(SDKROOT)/usr/include/libxml2",
					"\"${PODS_ROOT}/BuildHeaders\"/**",
				);
				INFOPLIST_FILE = "Example/Supporting Files/Info.plist";
				IPHONEOS_DEPLOYMENT_TARGET = 11.0;
				LD_RUNPATH_SEARCH_PATHS = "$(inherited) @executable_path/Frameworks";
				LIBRARY_SEARCH_PATHS = "$(inherited)";
				OTHER_LDFLAGS = "$(inherited)";
				OTHER_LIBTOOLFLAGS = "$(inherited)";
				PRODUCT_BUNDLE_IDENTIFIER = "com.alecgorge.$(PRODUCT_NAME:rfc1034identifier)";
				PRODUCT_NAME = "$(TARGET_NAME)";
				SWIFT_OBJC_BRIDGING_HEADER = "AGAudioPlayer/UI/AGAudioPlayer-Bridging-Header.h";
				SWIFT_VERSION = 5.0;
			};
			name = Release;
		};
		C1511ABF1BDD9F6E003B4E6C /* Debug */ = {
			isa = XCBuildConfiguration;
			buildSettings = {
				ASSETCATALOG_COMPILER_APPICON_NAME = AppIcon;
				CLANG_ENABLE_MODULES = YES;
				CODE_SIGN_IDENTITY = "-";
				COMBINE_HIDPI_IMAGES = YES;
				DEBUG_INFORMATION_FORMAT = dwarf;
				ENABLE_TESTABILITY = YES;
				GCC_NO_COMMON_BLOCKS = YES;
				INFOPLIST_FILE = AGAudioPlayerOSX/Info.plist;
				LD_RUNPATH_SEARCH_PATHS = "$(inherited) @executable_path/../Frameworks";
				MACOSX_DEPLOYMENT_TARGET = 10.11;
				PRODUCT_BUNDLE_IDENTIFIER = com.alecgorge.AGAudioPlayer.AGAudioPlayerOSX;
				PRODUCT_NAME = "$(TARGET_NAME)";
				SDKROOT = macosx;
				SWIFT_OPTIMIZATION_LEVEL = "-Onone";
				SWIFT_VERSION = 5.0;
			};
			name = Debug;
		};
		C1511AC01BDD9F6E003B4E6C /* Release */ = {
			isa = XCBuildConfiguration;
			buildSettings = {
				ASSETCATALOG_COMPILER_APPICON_NAME = AppIcon;
				CLANG_ENABLE_MODULES = YES;
				CODE_SIGN_IDENTITY = "-";
				COMBINE_HIDPI_IMAGES = YES;
				COPY_PHASE_STRIP = NO;
				DEBUG_INFORMATION_FORMAT = "dwarf-with-dsym";
				GCC_NO_COMMON_BLOCKS = YES;
				INFOPLIST_FILE = AGAudioPlayerOSX/Info.plist;
				LD_RUNPATH_SEARCH_PATHS = "$(inherited) @executable_path/../Frameworks";
				MACOSX_DEPLOYMENT_TARGET = 10.11;
				PRODUCT_BUNDLE_IDENTIFIER = com.alecgorge.AGAudioPlayer.AGAudioPlayerOSX;
				PRODUCT_NAME = "$(TARGET_NAME)";
				SDKROOT = macosx;
				SWIFT_VERSION = 5.0;
			};
			name = Release;
		};
/* End XCBuildConfiguration section */

/* Begin XCConfigurationList section */
		7CC2508F1A447901009F91C8 /* Build configuration list for PBXProject "AGAudioPlayer" */ = {
			isa = XCConfigurationList;
			buildConfigurations = (
				7CC250B51A447901009F91C8 /* Debug */,
				7CC250B61A447901009F91C8 /* Release */,
			);
			defaultConfigurationIsVisible = 0;
			defaultConfigurationName = Release;
		};
		7CC250B71A447901009F91C8 /* Build configuration list for PBXNativeTarget "AGAudioPlayer" */ = {
			isa = XCConfigurationList;
			buildConfigurations = (
				7CC250B81A447901009F91C8 /* Debug */,
				7CC250B91A447901009F91C8 /* Release */,
			);
			defaultConfigurationIsVisible = 0;
			defaultConfigurationName = Release;
		};
		C1511AC11BDD9F6E003B4E6C /* Build configuration list for PBXNativeTarget "AGAudioPlayerOSX" */ = {
			isa = XCConfigurationList;
			buildConfigurations = (
				C1511ABF1BDD9F6E003B4E6C /* Debug */,
				C1511AC01BDD9F6E003B4E6C /* Release */,
			);
			defaultConfigurationIsVisible = 0;
			defaultConfigurationName = Release;
		};
/* End XCConfigurationList section */
	};
	rootObject = 7CC2508C1A447901009F91C8 /* Project object */;
}
