PODS:
  - BASSGaplessAudioPlayer (0.0.1)

DEPENDENCIES:
  - BASSGaplessAudioPlayer (from `/Users/alecgorge/Documents/code/github/ios/BASS Audio Test`)

EXTERNAL SOURCES:
  BASSGaplessAudioPlayer:
    :path: "/Users/alecgorge/Documents/code/github/ios/BASS Audio Test"

SPEC CHECKSUMS:
  BASSGaplessAudioPlayer: bda2a7f84852cc0411e575450f13b6077f1055e6

PODFILE CHECKSUM: 92d66d84a02c9f40a28851fc30fe5718cef62aa9

COCOAPODS: 1.2.0.rc.1
