PODS:
  - BASSGaplessAudioPlayer (0.0.1)
  - Interpolate (0.4.0)
  - MarqueeLabel (3.0.1):
    - MarqueeLabel/ObjC (= 3.0.1)
  - MarqueeLabel/ObjC (3.0.1)
  - NapySlider (0.3)

DEPENDENCIES:
  - BASSGaplessAudioPlayer (from `../gapless-audio-bass-ios`)
  - Interpolate
  - MarqueeLabel (~> 3.0.1)
  - NapySlider

EXTERNAL SOURCES:
  BASSGaplessAudioPlayer:
    :path: "../gapless-audio-bass-ios"

SPEC CHECKSUMS:
  BASSGaplessAudioPlayer: 30b7984efd16d9f40ff14b9e9df3ec74a3ace4b5
  Interpolate: 682895f1a2fc091da0ba53ccb018520daf51f8fd
  MarqueeLabel: 80ba85d2b76a9f5fa6c13de337db80bcd94feb1d
  NapySlider: 6565f73f715414b44cda40ff178a319aeae38b14

PODFILE CHECKSUM: 674d3ad362521e069f55ef3b059bd2193ce8d00c

COCOAPODS: 1.1.1
